
Microsoft Visual Studio Solution File, Format Version 12.00
# Visual Studio Version 16
VisualStudioVersion = 16.0.31424.327
MinimumVisualStudioVersion = 10.0.40219.1
Project("{FAE04EC0-301F-11D3-BF4B-00C04F79EFBC}") = "Vidly", "Vidly.csproj", "{AF3067AD-E194-4F85-B756-AD890EBFC75B}"
EndProject
Global
	GlobalSection(SolutionConfigurationPlatforms) = preSolution
		Debug|Any CPU = Debug|Any CPU
		Release|Any CPU = Release|Any CPU
	EndGlobalSection
	GlobalSection(ProjectConfigurationPlatforms) = postSolution
		{AF3067AD-E194-4F85-B756-AD890EBFC75B}.Debug|Any CPU.ActiveCfg = Debug|Any CPU
		{AF3067AD-E194-4F85-B756-AD890EBFC75B}.Debug|Any CPU.Build.0 = Debug|Any CPU
		{AF3067AD-E194-4F85-B756-AD890EBFC75B}.Release|Any CPU.ActiveCfg = Release|Any CPU
		{AF3067AD-E194-4F85-B756-AD890EBFC75B}.Release|Any CPU.Build.0 = Release|Any CPU
	EndGlobalSection
	GlobalSection(SolutionProperties) = preSolution
		HideSolutionNode = FALSE
	EndGlobalSection
	GlobalSection(ExtensibilityGlobals) = postSolution
		SolutionGuid = {174DA48D-9B49-4629-99C7-43C197885A80}
	EndGlobalSection
EndGlobal
